
Microsoft Visual Studio Solution File, Format Version 12.00
Project("{FAE04EC0-301F-11D3-BF4B-00C04F79EFBC}") = "Cms.Api", "Cms.Api\Cms.Api.csproj", "{8D45F56C-324A-4FEA-875E-8CC090AA947F}"
EndProject
Project("{2150E333-8FDC-42A3-9474-1A3956D46DE8}") = "Apps", "Apps", "{271099E7-BA1F-449B-A0D3-AAE1A6B0F728}"
EndProject
Project("{2150E333-8FDC-42A3-9474-1A3956D46DE8}") = "Core", "Core", "{AE5B6E99-BF41-4447-BB7F-F3F94739FB11}"
EndProject
Project("{2150E333-8FDC-42A3-9474-1A3956D46DE8}") = "Modules", "Modules", "{2C0D033B-81C0-4287-ABCF-E202A10FDF83}"
EndProject
Project("{FAE04EC0-301F-11D3-BF4B-00C04F79EFBC}") = "Cms.Shared", "Cms.Shared\Cms.Shared.csproj", "{73A86F57-65F6-4E1A-BC1E-7C35B061BAC9}"
EndProject
Project("{FAE04EC0-301F-11D3-BF4B-00C04F79EFBC}") = "Cms.Setup", "Cms.Setup\Cms.Setup.csproj", "{00784171-E009-4EA1-9B3B-2317B7E0F5FC}"
EndProject
Project("{FAE04EC0-301F-11D3-BF4B-00C04F79EFBC}") = "Cms.ECommerce", "Cms.ECommerce\Cms.ECommerce.csproj", "{1E849199-AC74-4785-9E12-5BD574F5D7CF}"
EndProject
Project("{FAE04EC0-301F-11D3-BF4B-00C04F79EFBC}") = "Cms.EducationPortal", "Cms.EducationPortal\Cms.EducationPortal.csproj", "{188753B4-AEC1-4F81-B964-FDFEC1F93E59}"
EndProject
Global
	GlobalSection(SolutionConfigurationPlatforms) = preSolution
		Debug|Any CPU = Debug|Any CPU
		Release|Any CPU = Release|Any CPU
	EndGlobalSection
	GlobalSection(ProjectConfigurationPlatforms) = postSolution
		{8D45F56C-324A-4FEA-875E-8CC090AA947F}.Debug|Any CPU.ActiveCfg = Debug|Any CPU
		{8D45F56C-324A-4FEA-875E-8CC090AA947F}.Debug|Any CPU.Build.0 = Debug|Any CPU
		{8D45F56C-324A-4FEA-875E-8CC090AA947F}.Release|Any CPU.ActiveCfg = Release|Any CPU
		{8D45F56C-324A-4FEA-875E-8CC090AA947F}.Release|Any CPU.Build.0 = Release|Any CPU
		{73A86F57-65F6-4E1A-BC1E-7C35B061BAC9}.Debug|Any CPU.ActiveCfg = Debug|Any CPU
		{73A86F57-65F6-4E1A-BC1E-7C35B061BAC9}.Debug|Any CPU.Build.0 = Debug|Any CPU
		{73A86F57-65F6-4E1A-BC1E-7C35B061BAC9}.Release|Any CPU.ActiveCfg = Release|Any CPU
		{73A86F57-65F6-4E1A-BC1E-7C35B061BAC9}.Release|Any CPU.Build.0 = Release|Any CPU
		{00784171-E009-4EA1-9B3B-2317B7E0F5FC}.Debug|Any CPU.ActiveCfg = Debug|Any CPU
		{00784171-E009-4EA1-9B3B-2317B7E0F5FC}.Debug|Any CPU.Build.0 = Debug|Any CPU
		{00784171-E009-4EA1-9B3B-2317B7E0F5FC}.Release|Any CPU.ActiveCfg = Release|Any CPU
		{00784171-E009-4EA1-9B3B-2317B7E0F5FC}.Release|Any CPU.Build.0 = Release|Any CPU
		{1E849199-AC74-4785-9E12-5BD574F5D7CF}.Debug|Any CPU.ActiveCfg = Debug|Any CPU
		{1E849199-AC74-4785-9E12-5BD574F5D7CF}.Debug|Any CPU.Build.0 = Debug|Any CPU
		{1E849199-AC74-4785-9E12-5BD574F5D7CF}.Release|Any CPU.ActiveCfg = Release|Any CPU
		{1E849199-AC74-4785-9E12-5BD574F5D7CF}.Release|Any CPU.Build.0 = Release|Any CPU
		{188753B4-AEC1-4F81-B964-FDFEC1F93E59}.Debug|Any CPU.ActiveCfg = Debug|Any CPU
		{188753B4-AEC1-4F81-B964-FDFEC1F93E59}.Debug|Any CPU.Build.0 = Debug|Any CPU
		{188753B4-AEC1-4F81-B964-FDFEC1F93E59}.Release|Any CPU.ActiveCfg = Release|Any CPU
		{188753B4-AEC1-4F81-B964-FDFEC1F93E59}.Release|Any CPU.Build.0 = Release|Any CPU
	EndGlobalSection
	GlobalSection(NestedProjects) = preSolution
		{8D45F56C-324A-4FEA-875E-8CC090AA947F} = {271099E7-BA1F-449B-A0D3-AAE1A6B0F728}
		{73A86F57-65F6-4E1A-BC1E-7C35B061BAC9} = {AE5B6E99-BF41-4447-BB7F-F3F94739FB11}
		{00784171-E009-4EA1-9B3B-2317B7E0F5FC} = {271099E7-BA1F-449B-A0D3-AAE1A6B0F728}
		{1E849199-AC74-4785-9E12-5BD574F5D7CF} = {2C0D033B-81C0-4287-ABCF-E202A10FDF83}
		{188753B4-AEC1-4F81-B964-FDFEC1F93E59} = {2C0D033B-81C0-4287-ABCF-E202A10FDF83}
	EndGlobalSection
EndGlobal
